
Microsoft Visual Studio Solution File, Format Version 12.00
# Visual Studio Version 16
VisualStudioVersion = 25.0.1705.4
MinimumVisualStudioVersion = 10.0.40219.1
Project("{FAE04EC0-301F-11D3-BF4B-00C04F79EFBC}") = "Assembly-CSharp-Editor", "Assembly-CSharp-Editor.csproj", "{235EDD20-BB6B-C5F6-0E40-8066DC657FBA}"
EndProject
Global
	GlobalSection(SolutionConfigurationPlatforms) = preSolution
		Debug|Any CPU = Debug|Any CPU
		Release|Any CPU = Release|Any CPU
	EndGlobalSection
	GlobalSection(ProjectConfigurationPlatforms) = postSolution
		{235EDD20-BB6B-C5F6-0E40-8066DC657FBA}.Debug|Any CPU.ActiveCfg = Debug|Any CPU
		{235EDD20-BB6B-C5F6-0E40-8066DC657FBA}.Debug|Any CPU.Build.0 = Debug|Any CPU
		{235EDD20-BB6B-C5F6-0E40-8066DC657FBA}.Release|Any CPU.ActiveCfg = Release|Any CPU
		{235EDD20-BB6B-C5F6-0E40-8066DC657FBA}.Release|Any CPU.Build.0 = Release|Any CPU
	EndGlobalSection
	GlobalSection(SolutionProperties) = preSolution
		HideSolutionNode = FALSE
	EndGlobalSection
	GlobalSection(ExtensibilityGlobals) = postSolution
		SolutionGuid = {FB3B396A-5CF5-4CFE-9F66-8EDF7FAC6DA7}
	EndGlobalSection
EndGlobal
