
Microsoft Visual Studio Solution File, Format Version 12.00
# Visual Studio 15
Project("{FAE04EC0-301F-11D3-BF4B-00C04F79EFBC}") = "Assembly-CSharp", "Assembly-CSharp.csproj", "{72BA8CAC-8C96-8A3A-5E45-F0A43BF76A2F}"
EndProject
Project("{FAE04EC0-301F-11D3-BF4B-00C04F79EFBC}") = "Assembly-CSharp-Editor", "Assembly-CSharp-Editor.csproj", "{235EDD20-BB6B-C5F6-0E40-8066DC657FBA}"
EndProject
Global
	GlobalSection(SolutionConfigurationPlatforms) = preSolution
		Debug|Any CPU = Debug|Any CPU
		Release|Any CPU = Release|Any CPU
	EndGlobalSection
	GlobalSection(ProjectConfigurationPlatforms) = postSolution
		{72BA8CAC-8C96-8A3A-5E45-F0A43BF76A2F}.Debug|Any CPU.ActiveCfg = Debug|Any CPU
		{72BA8CAC-8C96-8A3A-5E45-F0A43BF76A2F}.Debug|Any CPU.Build.0 = Debug|Any CPU
		{72BA8CAC-8C96-8A3A-5E45-F0A43BF76A2F}.Release|Any CPU.ActiveCfg = Release|Any CPU
		{72BA8CAC-8C96-8A3A-5E45-F0A43BF76A2F}.Release|Any CPU.Build.0 = Release|Any CPU
		{235EDD20-BB6B-C5F6-0E40-8066DC657FBA}.Debug|Any CPU.ActiveCfg = Debug|Any CPU
		{235EDD20-BB6B-C5F6-0E40-8066DC657FBA}.Debug|Any CPU.Build.0 = Debug|Any CPU
		{235EDD20-BB6B-C5F6-0E40-8066DC657FBA}.Release|Any CPU.ActiveCfg = Release|Any CPU
		{235EDD20-BB6B-C5F6-0E40-8066DC657FBA}.Release|Any CPU.Build.0 = Release|Any CPU
	EndGlobalSection
	GlobalSection(SolutionProperties) = preSolution
		HideSolutionNode = FALSE
	EndGlobalSection
EndGlobal
